// !$*UTF8*$!
{
	archiveVersion = 1;
	classes = {
	};
	objectVersion = 50;
	objects = {

/* Begin PBXBuildFile section */
		F506A16F266B0B8A000627E0 /* AppDelegate.swift in Sources */ = {isa = PBXBuildFile; fileRef = F506A16E266B0B8A000627E0 /* AppDelegate.swift */; };
		F506A171266B0B8A000627E0 /* SceneDelegate.swift in Sources */ = {isa = PBXBuildFile; fileRef = F506A170266B0B8A000627E0 /* SceneDelegate.swift */; };
		F506A173266B0B8A000627E0 /* RootView.swift in Sources */ = {isa = PBXBuildFile; fileRef = F506A172266B0B8A000627E0 /* RootView.swift */; };
		F506A175266B0B8D000627E0 /* Assets.xcassets in Resources */ = {isa = PBXBuildFile; fileRef = F506A174266B0B8D000627E0 /* Assets.xcassets */; };
		F506A178266B0B8D000627E0 /* Preview Assets.xcassets in Resources */ = {isa = PBXBuildFile; fileRef = F506A177266B0B8D000627E0 /* Preview Assets.xcassets */; };
		F506A17B266B0B8D000627E0 /* LaunchScreen.storyboard in Resources */ = {isa = PBXBuildFile; fileRef = F506A179266B0B8D000627E0 /* LaunchScreen.storyboard */; };
		F539DA04266B0D5300ED952F /* Theme.swift in Sources */ = {isa = PBXBuildFile; fileRef = F539DA03266B0D5300ED952F /* Theme.swift */; };
		F539DA0A266B0DB200ED952F /* Haptic.swift in Sources */ = {isa = PBXBuildFile; fileRef = F539DA09266B0DB200ED952F /* Haptic.swift */; };
		F539DA0F266B0E4C00ED952F /* Global.swift in Sources */ = {isa = PBXBuildFile; fileRef = F539DA0E266B0E4C00ED952F /* Global.swift */; };
		F539DA14266B0EB700ED952F /* Tab.swift in Sources */ = {isa = PBXBuildFile; fileRef = F539DA13266B0EB700ED952F /* Tab.swift */; };
		F539DA19266B0F1300ED952F /* Player.swift in Sources */ = {isa = PBXBuildFile; fileRef = F539DA18266B0F1300ED952F /* Player.swift */; };
		F539DA1D266B109700ED952F /* HomeTab.swift in Sources */ = {isa = PBXBuildFile; fileRef = F539DA1C266B109700ED952F /* HomeTab.swift */; };
/* End PBXBuildFile section */

/* Begin PBXFileReference section */
		F506A16B266B0B8A000627E0 /* Chest Quest 2.app */ = {isa = PBXFileReference; explicitFileType = wrapper.application; includeInIndex = 0; path = "Chest Quest 2.app"; sourceTree = BUILT_PRODUCTS_DIR; };
		F506A16E266B0B8A000627E0 /* AppDelegate.swift */ = {isa = PBXFileReference; lastKnownFileType = sourcecode.swift; path = AppDelegate.swift; sourceTree = "<group>"; };
		F506A170266B0B8A000627E0 /* SceneDelegate.swift */ = {isa = PBXFileReference; lastKnownFileType = sourcecode.swift; path = SceneDelegate.swift; sourceTree = "<group>"; };
		F506A172266B0B8A000627E0 /* RootView.swift */ = {isa = PBXFileReference; lastKnownFileType = sourcecode.swift; path = RootView.swift; sourceTree = "<group>"; };
		F506A174266B0B8D000627E0 /* Assets.xcassets */ = {isa = PBXFileReference; lastKnownFileType = folder.assetcatalog; path = Assets.xcassets; sourceTree = "<group>"; };
		F506A177266B0B8D000627E0 /* Preview Assets.xcassets */ = {isa = PBXFileReference; lastKnownFileType = folder.assetcatalog; path = "Preview Assets.xcassets"; sourceTree = "<group>"; };
		F506A17A266B0B8D000627E0 /* Base */ = {isa = PBXFileReference; lastKnownFileType = file.storyboard; name = Base; path = Base.lproj/LaunchScreen.storyboard; sourceTree = "<group>"; };
		F506A17C266B0B8D000627E0 /* Info.plist */ = {isa = PBXFileReference; lastKnownFileType = text.plist.xml; path = Info.plist; sourceTree = "<group>"; };
		F539DA03266B0D5300ED952F /* Theme.swift */ = {isa = PBXFileReference; lastKnownFileType = sourcecode.swift; path = Theme.swift; sourceTree = "<group>"; };
		F539DA09266B0DB200ED952F /* Haptic.swift */ = {isa = PBXFileReference; lastKnownFileType = sourcecode.swift; path = Haptic.swift; sourceTree = "<group>"; };
		F539DA0E266B0E4C00ED952F /* Global.swift */ = {isa = PBXFileReference; lastKnownFileType = sourcecode.swift; path = Global.swift; sourceTree = "<group>"; };
		F539DA13266B0EB700ED952F /* Tab.swift */ = {isa = PBXFileReference; lastKnownFileType = sourcecode.swift; path = Tab.swift; sourceTree = "<group>"; };
		F539DA18266B0F1300ED952F /* Player.swift */ = {isa = PBXFileReference; lastKnownFileType = sourcecode.swift; path = Player.swift; sourceTree = "<group>"; };
		F539DA1C266B109700ED952F /* HomeTab.swift */ = {isa = PBXFileReference; lastKnownFileType = sourcecode.swift; path = HomeTab.swift; sourceTree = "<group>"; };
/* End PBXFileReference section */

/* Begin PBXFrameworksBuildPhase section */
		F506A168266B0B8A000627E0 /* Frameworks */ = {
			isa = PBXFrameworksBuildPhase;
			buildActionMask = 2147483647;
			files = (
			);
			runOnlyForDeploymentPostprocessing = 0;
		};
/* End PBXFrameworksBuildPhase section */

/* Begin PBXGroup section */
		F506A162266B0B8A000627E0 = {
			isa = PBXGroup;
			children = (
				F506A16D266B0B8A000627E0 /* Chest Quest 2 */,
				F506A16C266B0B8A000627E0 /* Products */,
			);
			sourceTree = "<group>";
		};
		F506A16C266B0B8A000627E0 /* Products */ = {
			isa = PBXGroup;
			children = (
				F506A16B266B0B8A000627E0 /* Chest Quest 2.app */,
			);
			name = Products;
			sourceTree = "<group>";
		};
		F506A16D266B0B8A000627E0 /* Chest Quest 2 */ = {
			isa = PBXGroup;
			children = (
				F539DA02266B0D4A00ED952F /* App */,
				F539DA17266B0F0200ED952F /* Data */,
				F539DA0D266B0DFF00ED952F /* Views */,
				F539DA08266B0DA700ED952F /* Utility */,
				F539DA12266B0EB000ED952F /* Misc */,
				F506A174266B0B8D000627E0 /* Assets.xcassets */,
				F506A179266B0B8D000627E0 /* LaunchScreen.storyboard */,
				F506A17C266B0B8D000627E0 /* Info.plist */,
				F506A176266B0B8D000627E0 /* Preview Content */,
			);
			path = "Chest Quest 2";
			sourceTree = "<group>";
		};
		F506A176266B0B8D000627E0 /* Preview Content */ = {
			isa = PBXGroup;
			children = (
				F506A177266B0B8D000627E0 /* Preview Assets.xcassets */,
			);
			path = "Preview Content";
			sourceTree = "<group>";
		};
		F539DA02266B0D4A00ED952F /* App */ = {
			isa = PBXGroup;
			children = (
				F506A170266B0B8A000627E0 /* SceneDelegate.swift */,
				F506A16E266B0B8A000627E0 /* AppDelegate.swift */,
				F539DA03266B0D5300ED952F /* Theme.swift */,
				F539DA0E266B0E4C00ED952F /* Global.swift */,
			);
			path = App;
			sourceTree = "<group>";
		};
		F539DA08266B0DA700ED952F /* Utility */ = {
			isa = PBXGroup;
			children = (
				F539DA09266B0DB200ED952F /* Haptic.swift */,
			);
			path = Utility;
			sourceTree = "<group>";
		};
		F539DA0D266B0DFF00ED952F /* Views */ = {
			isa = PBXGroup;
			children = (
				F506A172266B0B8A000627E0 /* RootView.swift */,
				F539DA1B266B108B00ED952F /* Tabs */,
			);
			path = Views;
			sourceTree = "<group>";
		};
		F539DA12266B0EB000ED952F /* Misc */ = {
			isa = PBXGroup;
			children = (
				F539DA13266B0EB700ED952F /* Tab.swift */,
			);
			path = Misc;
			sourceTree = "<group>";
		};
		F539DA17266B0F0200ED952F /* Data */ = {
			isa = PBXGroup;
			children = (
				F539DA18266B0F1300ED952F /* Player.swift */,
			);
			path = Data;
			sourceTree = "<group>";
		};
		F539DA1B266B108B00ED952F /* Tabs */ = {
			isa = PBXGroup;
			children = (
				F539DA1C266B109700ED952F /* HomeTab.swift */,
			);
			path = Tabs;
			sourceTree = "<group>";
		};
/* End PBXGroup section */

/* Begin PBXNativeTarget section */
		F506A16A266B0B8A000627E0 /* Chest Quest 2 */ = {
			isa = PBXNativeTarget;
			buildConfigurationList = F506A17F266B0B8D000627E0 /* Build configuration list for PBXNativeTarget "Chest Quest 2" */;
			buildPhases = (
				F506A167266B0B8A000627E0 /* Sources */,
				F506A168266B0B8A000627E0 /* Frameworks */,
				F506A169266B0B8A000627E0 /* Resources */,
			);
			buildRules = (
			);
			dependencies = (
			);
			name = "Chest Quest 2";
			productName = "Chest Quest 2";
			productReference = F506A16B266B0B8A000627E0 /* Chest Quest 2.app */;
			productType = "com.apple.product-type.application";
		};
/* End PBXNativeTarget section */

/* Begin PBXProject section */
		F506A163266B0B8A000627E0 /* Project object */ = {
			isa = PBXProject;
			attributes = {
				LastSwiftUpdateCheck = 1230;
				LastUpgradeCheck = 1230;
				TargetAttributes = {
					F506A16A266B0B8A000627E0 = {
						CreatedOnToolsVersion = 12.3;
					};
				};
			};
			buildConfigurationList = F506A166266B0B8A000627E0 /* Build configuration list for PBXProject "Chest Quest 2" */;
			compatibilityVersion = "Xcode 9.3";
			developmentRegion = en;
			hasScannedForEncodings = 0;
			knownRegions = (
				en,
				Base,
			);
			mainGroup = F506A162266B0B8A000627E0;
			productRefGroup = F506A16C266B0B8A000627E0 /* Products */;
			projectDirPath = "";
			projectRoot = "";
			targets = (
				F506A16A266B0B8A000627E0 /* Chest Quest 2 */,
			);
		};
/* End PBXProject section */

/* Begin PBXResourcesBuildPhase section */
		F506A169266B0B8A000627E0 /* Resources */ = {
			isa = PBXResourcesBuildPhase;
			buildActionMask = 2147483647;
			files = (
				F506A17B266B0B8D000627E0 /* LaunchScreen.storyboard in Resources */,
				F506A178266B0B8D000627E0 /* Preview Assets.xcassets in Resources */,
				F506A175266B0B8D000627E0 /* Assets.xcassets in Resources */,
			);
			runOnlyForDeploymentPostprocessing = 0;
		};
/* End PBXResourcesBuildPhase section */

/* Begin PBXSourcesBuildPhase section */
		F506A167266B0B8A000627E0 /* Sources */ = {
			isa = PBXSourcesBuildPhase;
			buildActionMask = 2147483647;
			files = (
				F506A16F266B0B8A000627E0 /* AppDelegate.swift in Sources */,
				F539DA0A266B0DB200ED952F /* Haptic.swift in Sources */,
				F539DA0F266B0E4C00ED952F /* Global.swift in Sources */,
				F539DA04266B0D5300ED952F /* Theme.swift in Sources */,
				F539DA19266B0F1300ED952F /* Player.swift in Sources */,
				F506A171266B0B8A000627E0 /* SceneDelegate.swift in Sources */,
				F539DA1D266B109700ED952F /* HomeTab.swift in Sources */,
				F506A173266B0B8A000627E0 /* RootView.swift in Sources */,
				F539DA14266B0EB700ED952F /* Tab.swift in Sources */,
			);
			runOnlyForDeploymentPostprocessing = 0;
		};
/* End PBXSourcesBuildPhase section */

/* Begin PBXVariantGroup section */
		F506A179266B0B8D000627E0 /* LaunchScreen.storyboard */ = {
			isa = PBXVariantGroup;
			children = (
				F506A17A266B0B8D000627E0 /* Base */,
			);
			name = LaunchScreen.storyboard;
			sourceTree = "<group>";
		};
/* End PBXVariantGroup section */

/* Begin XCBuildConfiguration section */
		F506A17D266B0B8D000627E0 /* Debug */ = {
			isa = XCBuildConfiguration;
			buildSettings = {
				ALWAYS_SEARCH_USER_PATHS = NO;
				CLANG_ANALYZER_NONNULL = YES;
				CLANG_ANALYZER_NUMBER_OBJECT_CONVERSION = YES_AGGRESSIVE;
				CLANG_CXX_LANGUAGE_STANDARD = "gnu++14";
				CLANG_CXX_LIBRARY = "libc++";
				CLANG_ENABLE_MODULES = YES;
				CLANG_ENABLE_OBJC_ARC = YES;
				CLANG_ENABLE_OBJC_WEAK = YES;
				CLANG_WARN_BLOCK_CAPTURE_AUTORELEASING = YES;
				CLANG_WARN_BOOL_CONVERSION = YES;
				CLANG_WARN_COMMA = YES;
				CLANG_WARN_CONSTANT_CONVERSION = YES;
				CLANG_WARN_DEPRECATED_OBJC_IMPLEMENTATIONS = YES;
				CLANG_WARN_DIRECT_OBJC_ISA_USAGE = YES_ERROR;
				CLANG_WARN_DOCUMENTATION_COMMENTS = YES;
				CLANG_WARN_EMPTY_BODY = YES;
				CLANG_WARN_ENUM_CONVERSION = YES;
				CLANG_WARN_INFINITE_RECURSION = YES;
				CLANG_WARN_INT_CONVERSION = YES;
				CLANG_WARN_NON_LITERAL_NULL_CONVERSION = YES;
				CLANG_WARN_OBJC_IMPLICIT_RETAIN_SELF = YES;
				CLANG_WARN_OBJC_LITERAL_CONVERSION = YES;
				CLANG_WARN_OBJC_ROOT_CLASS = YES_ERROR;
				CLANG_WARN_QUOTED_INCLUDE_IN_FRAMEWORK_HEADER = YES;
				CLANG_WARN_RANGE_LOOP_ANALYSIS = YES;
				CLANG_WARN_STRICT_PROTOTYPES = YES;
				CLANG_WARN_SUSPICIOUS_MOVE = YES;
				CLANG_WARN_UNGUARDED_AVAILABILITY = YES_AGGRESSIVE;
				CLANG_WARN_UNREACHABLE_CODE = YES;
				CLANG_WARN__DUPLICATE_METHOD_MATCH = YES;
				COPY_PHASE_STRIP = NO;
				DEBUG_INFORMATION_FORMAT = dwarf;
				ENABLE_STRICT_OBJC_MSGSEND = YES;
				ENABLE_TESTABILITY = YES;
				GCC_C_LANGUAGE_STANDARD = gnu11;
				GCC_DYNAMIC_NO_PIC = NO;
				GCC_NO_COMMON_BLOCKS = YES;
				GCC_OPTIMIZATION_LEVEL = 0;
				GCC_PREPROCESSOR_DEFINITIONS = (
					"DEBUG=1",
					"$(inherited)",
				);
				GCC_WARN_64_TO_32_BIT_CONVERSION = YES;
				GCC_WARN_ABOUT_RETURN_TYPE = YES_ERROR;
				GCC_WARN_UNDECLARED_SELECTOR = YES;
				GCC_WARN_UNINITIALIZED_AUTOS = YES_AGGRESSIVE;
				GCC_WARN_UNUSED_FUNCTION = YES;
				GCC_WARN_UNUSED_VARIABLE = YES;
				IPHONEOS_DEPLOYMENT_TARGET = 14.3;
				MTL_ENABLE_DEBUG_INFO = INCLUDE_SOURCE;
				MTL_FAST_MATH = YES;
				ONLY_ACTIVE_ARCH = YES;
				SDKROOT = iphoneos;
				SWIFT_ACTIVE_COMPILATION_CONDITIONS = DEBUG;
				SWIFT_OPTIMIZATION_LEVEL = "-Onone";
			};
			name = Debug;
		};
		F506A17E266B0B8D000627E0 /* Release */ = {
			isa = XCBuildConfiguration;
			buildSettings = {
				ALWAYS_SEARCH_USER_PATHS = NO;
				CLANG_ANALYZER_NONNULL = YES;
				CLANG_ANALYZER_NUMBER_OBJECT_CONVERSION = YES_AGGRESSIVE;
				CLANG_CXX_LANGUAGE_STANDARD = "gnu++14";
				CLANG_CXX_LIBRARY = "libc++";
				CLANG_ENABLE_MODULES = YES;
				CLANG_ENABLE_OBJC_ARC = YES;
				CLANG_ENABLE_OBJC_WEAK = YES;
				CLANG_WARN_BLOCK_CAPTURE_AUTORELEASING = YES;
				CLANG_WARN_BOOL_CONVERSION = YES;
				CLANG_WARN_COMMA = YES;
				CLANG_WARN_CONSTANT_CONVERSION = YES;
				CLANG_WARN_DEPRECATED_OBJC_IMPLEMENTATIONS = YES;
				CLANG_WARN_DIRECT_OBJC_ISA_USAGE = YES_ERROR;
				CLANG_WARN_DOCUMENTATION_COMMENTS = YES;
				CLANG_WARN_EMPTY_BODY = YES;
				CLANG_WARN_ENUM_CONVERSION = YES;
				CLANG_WARN_INFINITE_RECURSION = YES;
				CLANG_WARN_INT_CONVERSION = YES;
				CLANG_WARN_NON_LITERAL_NULL_CONVERSION = YES;
				CLANG_WARN_OBJC_IMPLICIT_RETAIN_SELF = YES;
				CLANG_WARN_OBJC_LITERAL_CONVERSION = YES;
				CLANG_WARN_OBJC_ROOT_CLASS = YES_ERROR;
				CLANG_WARN_QUOTED_INCLUDE_IN_FRAMEWORK_HEADER = YES;
				CLANG_WARN_RANGE_LOOP_ANALYSIS = YES;
				CLANG_WARN_STRICT_PROTOTYPES = YES;
				CLANG_WARN_SUSPICIOUS_MOVE = YES;
				CLANG_WARN_UNGUARDED_AVAILABILITY = YES_AGGRESSIVE;
				CLANG_WARN_UNREACHABLE_CODE = YES;
				CLANG_WARN__DUPLICATE_METHOD_MATCH = YES;
				COPY_PHASE_STRIP = NO;
				DEBUG_INFORMATION_FORMAT = "dwarf-with-dsym";
				ENABLE_NS_ASSERTIONS = NO;
				ENABLE_STRICT_OBJC_MSGSEND = YES;
				GCC_C_LANGUAGE_STANDARD = gnu11;
				GCC_NO_COMMON_BLOCKS = YES;
				GCC_WARN_64_TO_32_BIT_CONVERSION = YES;
				GCC_WARN_ABOUT_RETURN_TYPE = YES_ERROR;
				GCC_WARN_UNDECLARED_SELECTOR = YES;
				GCC_WARN_UNINITIALIZED_AUTOS = YES_AGGRESSIVE;
				GCC_WARN_UNUSED_FUNCTION = YES;
				GCC_WARN_UNUSED_VARIABLE = YES;
				IPHONEOS_DEPLOYMENT_TARGET = 14.3;
				MTL_ENABLE_DEBUG_INFO = NO;
				MTL_FAST_MATH = YES;
				SDKROOT = iphoneos;
				SWIFT_COMPILATION_MODE = wholemodule;
				SWIFT_OPTIMIZATION_LEVEL = "-O";
				VALIDATE_PRODUCT = YES;
			};
			name = Release;
		};
		F506A180266B0B8D000627E0 /* Debug */ = {
			isa = XCBuildConfiguration;
			buildSettings = {
				ASSETCATALOG_COMPILER_APPICON_NAME = AppIcon;
				ASSETCATALOG_COMPILER_GLOBAL_ACCENT_COLOR_NAME = AccentColor;
				CODE_SIGN_STYLE = Automatic;
				DEVELOPMENT_ASSET_PATHS = "\"Chest Quest 2/Preview Content\"";
				DEVELOPMENT_TEAM = B4D7K3EGJG;
				ENABLE_PREVIEWS = YES;
				INFOPLIST_FILE = "Chest Quest 2/Info.plist";
				LD_RUNPATH_SEARCH_PATHS = (
					"$(inherited)",
					"@executable_path/Frameworks",
				);
				PRODUCT_BUNDLE_IDENTIFIER = "com.benmyers.Chest-Quest-2";
				PRODUCT_NAME = "$(TARGET_NAME)";
				SWIFT_VERSION = 5.0;
				TARGETED_DEVICE_FAMILY = "1,2";
			};
			name = Debug;
		};
		F506A181266B0B8D000627E0 /* Release */ = {
			isa = XCBuildConfiguration;
			buildSettings = {
				ASSETCATALOG_COMPILER_APPICON_NAME = AppIcon;
				ASSETCATALOG_COMPILER_GLOBAL_ACCENT_COLOR_NAME = AccentColor;
				CODE_SIGN_STYLE = Automatic;
				DEVELOPMENT_ASSET_PATHS = "\"Chest Quest 2/Preview Content\"";
				DEVELOPMENT_TEAM = B4D7K3EGJG;
				ENABLE_PREVIEWS = YES;
				INFOPLIST_FILE = "Chest Quest 2/Info.plist";
				LD_RUNPATH_SEARCH_PATHS = (
					"$(inherited)",
					"@executable_path/Frameworks",
				);
				PRODUCT_BUNDLE_IDENTIFIER = "com.benmyers.Chest-Quest-2";
				PRODUCT_NAME = "$(TARGET_NAME)";
				SWIFT_VERSION = 5.0;
				TARGETED_DEVICE_FAMILY = "1,2";
			};
			name = Release;
		};
/* End XCBuildConfiguration section */

/* Begin XCConfigurationList section */
		F506A166266B0B8A000627E0 /* Build configuration list for PBXProject "Chest Quest 2" */ = {
			isa = XCConfigurationList;
			buildConfigurations = (
				F506A17D266B0B8D000627E0 /* Debug */,
				F506A17E266B0B8D000627E0 /* Release */,
			);
			defaultConfigurationIsVisible = 0;
			defaultConfigurationName = Release;
		};
		F506A17F266B0B8D000627E0 /* Build configuration list for PBXNativeTarget "Chest Quest 2" */ = {
			isa = XCConfigurationList;
			buildConfigurations = (
				F506A180266B0B8D000627E0 /* Debug */,
				F506A181266B0B8D000627E0 /* Release */,
			);
			defaultConfigurationIsVisible = 0;
			defaultConfigurationName = Release;
		};
/* End XCConfigurationList section */
	};
	rootObject = F506A163266B0B8A000627E0 /* Project object */;
}
